
Microsoft Visual Studio Solution File, Format Version 12.00
Project("{F2A71F9B-5D33-465A-A702-920D77279786}") = "fsharp-workflow-patterns", "fsharp-workflow-patterns\fsharp-workflow-patterns.fsproj", "{4A97DF23-6A1F-40F6-8CAF-F40F9D81435A}"
EndProject
Global
	GlobalSection(SolutionConfigurationPlatforms) = preSolution
		Debug|Any CPU = Debug|Any CPU
		Release|Any CPU = Release|Any CPU
	EndGlobalSection
	GlobalSection(ProjectConfigurationPlatforms) = postSolution
		{4A97DF23-6A1F-40F6-8CAF-F40F9D81435A}.Debug|Any CPU.ActiveCfg = Debug|Any CPU
		{4A97DF23-6A1F-40F6-8CAF-F40F9D81435A}.Debug|Any CPU.Build.0 = Debug|Any CPU
		{4A97DF23-6A1F-40F6-8CAF-F40F9D81435A}.Release|Any CPU.ActiveCfg = Release|Any CPU
		{4A97DF23-6A1F-40F6-8CAF-F40F9D81435A}.Release|Any CPU.Build.0 = Release|Any CPU
	EndGlobalSection
EndGlobal
